
Microsoft Visual Studio Solution File, Format Version 12.00
# Visual Studio Version 16
VisualStudioVersion = 16.0.29709.97
MinimumVisualStudioVersion = 10.0.40219.1
Project("{9A19103F-16F7-4668-BE54-9A1E7A4F7556}") = "Mapster.EFCore", "Mapster.EFCore\Mapster.EFCore.csproj", "{0A3D263F-A9AF-4C63-82C7-ECA107E14383}"
EndProject
Global
	GlobalSection(SolutionConfigurationPlatforms) = preSolution
		Debug|Any CPU = Debug|Any CPU
		Release|Any CPU = Release|Any CPU
	EndGlobalSection
	GlobalSection(ProjectConfigurationPlatforms) = postSolution
		{0A3D263F-A9AF-4C63-82C7-ECA107E14383}.Debug|Any CPU.ActiveCfg = Debug|Any CPU
		{0A3D263F-A9AF-4C63-82C7-ECA107E14383}.Debug|Any CPU.Build.0 = Debug|Any CPU
		{0A3D263F-A9AF-4C63-82C7-ECA107E14383}.Release|Any CPU.ActiveCfg = Release|Any CPU
		{0A3D263F-A9AF-4C63-82C7-ECA107E14383}.Release|Any CPU.Build.0 = Release|Any CPU
		{35DC8DF9-B2AA-449C-A459-3B3610AB91C2}.Debug|Any CPU.ActiveCfg = Debug|Any CPU
		{35DC8DF9-B2AA-449C-A459-3B3610AB91C2}.Debug|Any CPU.Build.0 = Debug|Any CPU
		{35DC8DF9-B2AA-449C-A459-3B3610AB91C2}.Release|Any CPU.ActiveCfg = Release|Any CPU
		{35DC8DF9-B2AA-449C-A459-3B3610AB91C2}.Release|Any CPU.Build.0 = Release|Any CPU
		{67473331-FD5B-4DE1-BD4D-35BCD85B378E}.Debug|Any CPU.ActiveCfg = Debug|Any CPU
		{67473331-FD5B-4DE1-BD4D-35BCD85B378E}.Debug|Any CPU.Build.0 = Debug|Any CPU
		{67473331-FD5B-4DE1-BD4D-35BCD85B378E}.Release|Any CPU.ActiveCfg = Release|Any CPU
		{67473331-FD5B-4DE1-BD4D-35BCD85B378E}.Release|Any CPU.Build.0 = Release|Any CPU
	EndGlobalSection
	GlobalSection(SolutionProperties) = preSolution
		HideSolutionNode = FALSE
	EndGlobalSection
	GlobalSection(ExtensibilityGlobals) = postSolution
		SolutionGuid = {F45FC80E-5223-4D4C-AA10-59A9DE65C9E3}
	EndGlobalSection
EndGlobal
